// !$*UTF8*$!
{
	archiveVersion = 1;
	classes = {
	};
	objectVersion = 50;
	objects = {

/* Begin PBXBuildFile section */
		1A1037C0233A5EA8000E7947 /* WelcomeView.swift in Sources */ = {isa = PBXBuildFile; fileRef = 1A1037BF233A5EA8000E7947 /* WelcomeView.swift */; };
		1A1037C3233A5F1D000E7947 /* CardView.swift in Sources */ = {isa = PBXBuildFile; fileRef = 1A1037C2233A5F1D000E7947 /* CardView.swift */; };
		1A1037C5233A5F5A000E7947 /* TextContentView.swift in Sources */ = {isa = PBXBuildFile; fileRef = 1A1037C4233A5F5A000E7947 /* TextContentView.swift */; };
		1A1037C7233A5F89000E7947 /* BookmarksVIew.swift in Sources */ = {isa = PBXBuildFile; fileRef = 1A1037C6233A5F89000E7947 /* BookmarksVIew.swift */; };
		1A1037C9233A5FAC000E7947 /* ReusedViews.swift in Sources */ = {isa = PBXBuildFile; fileRef = 1A1037C8233A5FAC000E7947 /* ReusedViews.swift */; };
		1A1037CB233A5FDE000E7947 /* SettingsView.swift in Sources */ = {isa = PBXBuildFile; fileRef = 1A1037CA233A5FDE000E7947 /* SettingsView.swift */; };
		1A1037CD233A6007000E7947 /* CardDetailsView.swift in Sources */ = {isa = PBXBuildFile; fileRef = 1A1037CC233A6007000E7947 /* CardDetailsView.swift */; };
		1A1037CE233A64A0000E7947 /* WikipediaKit.framework in Frameworks */ = {isa = PBXBuildFile; fileRef = 1A4A0195233A245B00D83A47 /* WikipediaKit.framework */; };
		1A1037CF233A64A0000E7947 /* WikipediaKit.framework in Embed Frameworks */ = {isa = PBXBuildFile; fileRef = 1A4A0195233A245B00D83A47 /* WikipediaKit.framework */; settings = {ATTRIBUTES = (CodeSignOnCopy, RemoveHeadersOnCopy, ); }; };
		1A1037D6233A65A3000E7947 /* Zone of Death (geography).json in Resources */ = {isa = PBXBuildFile; fileRef = 1A1037D5233A65A3000E7947 /* Zone of Death (geography).json */; };
		1A4A013F23395D8100D83A47 /* AppDelegate.swift in Sources */ = {isa = PBXBuildFile; fileRef = 1A4A013E23395D8100D83A47 /* AppDelegate.swift */; };
		1A4A014123395D8100D83A47 /* SceneDelegate.swift in Sources */ = {isa = PBXBuildFile; fileRef = 1A4A014023395D8100D83A47 /* SceneDelegate.swift */; };
		1A4A014323395D8100D83A47 /* ContentView.swift in Sources */ = {isa = PBXBuildFile; fileRef = 1A4A014223395D8100D83A47 /* ContentView.swift */; };
		1A4A014523395D8200D83A47 /* Assets.xcassets in Resources */ = {isa = PBXBuildFile; fileRef = 1A4A014423395D8200D83A47 /* Assets.xcassets */; };
		1A4A014823395D8200D83A47 /* Preview Assets.xcassets in Resources */ = {isa = PBXBuildFile; fileRef = 1A4A014723395D8200D83A47 /* Preview Assets.xcassets */; };
		1A4A014B23395D8200D83A47 /* LaunchScreen.storyboard in Resources */ = {isa = PBXBuildFile; fileRef = 1A4A014923395D8200D83A47 /* LaunchScreen.storyboard */; };
		1A4A018F233A20DD00D83A47 /* CardModel.swift in Sources */ = {isa = PBXBuildFile; fileRef = 1A4A018E233A20DD00D83A47 /* CardModel.swift */; };
		1A4A0192233A22B500D83A47 /* NetworkingManager.swift in Sources */ = {isa = PBXBuildFile; fileRef = 1A4A0191233A22B500D83A47 /* NetworkingManager.swift */; };
/* End PBXBuildFile section */

/* Begin PBXCopyFilesBuildPhase section */
		1A1037D0233A64A1000E7947 /* Embed Frameworks */ = {
			isa = PBXCopyFilesBuildPhase;
			buildActionMask = 2147483647;
			dstPath = "";
			dstSubfolderSpec = 10;
			files = (
				1A1037CF233A64A0000E7947 /* WikipediaKit.framework in Embed Frameworks */,
			);
			name = "Embed Frameworks";
			runOnlyForDeploymentPostprocessing = 0;
		};
/* End PBXCopyFilesBuildPhase section */

/* Begin PBXFileReference section */
		1A1037BF233A5EA8000E7947 /* WelcomeView.swift */ = {isa = PBXFileReference; lastKnownFileType = sourcecode.swift; path = WelcomeView.swift; sourceTree = "<group>"; };
		1A1037C2233A5F1D000E7947 /* CardView.swift */ = {isa = PBXFileReference; lastKnownFileType = sourcecode.swift; path = CardView.swift; sourceTree = "<group>"; };
		1A1037C4233A5F5A000E7947 /* TextContentView.swift */ = {isa = PBXFileReference; lastKnownFileType = sourcecode.swift; path = TextContentView.swift; sourceTree = "<group>"; };
		1A1037C6233A5F89000E7947 /* BookmarksVIew.swift */ = {isa = PBXFileReference; lastKnownFileType = sourcecode.swift; path = BookmarksVIew.swift; sourceTree = "<group>"; };
		1A1037C8233A5FAC000E7947 /* ReusedViews.swift */ = {isa = PBXFileReference; lastKnownFileType = sourcecode.swift; path = ReusedViews.swift; sourceTree = "<group>"; };
		1A1037CA233A5FDE000E7947 /* SettingsView.swift */ = {isa = PBXFileReference; lastKnownFileType = sourcecode.swift; path = SettingsView.swift; sourceTree = "<group>"; };
		1A1037CC233A6007000E7947 /* CardDetailsView.swift */ = {isa = PBXFileReference; lastKnownFileType = sourcecode.swift; path = CardDetailsView.swift; sourceTree = "<group>"; };
		1A1037D5233A65A3000E7947 /* Zone of Death (geography).json */ = {isa = PBXFileReference; fileEncoding = 4; lastKnownFileType = text.json; path = "Zone of Death (geography).json"; sourceTree = "<group>"; };
		1A4A013B23395D8100D83A47 /* Time To Think.app */ = {isa = PBXFileReference; explicitFileType = wrapper.application; includeInIndex = 0; path = "Time To Think.app"; sourceTree = BUILT_PRODUCTS_DIR; };
		1A4A013E23395D8100D83A47 /* AppDelegate.swift */ = {isa = PBXFileReference; lastKnownFileType = sourcecode.swift; path = AppDelegate.swift; sourceTree = "<group>"; };
		1A4A014023395D8100D83A47 /* SceneDelegate.swift */ = {isa = PBXFileReference; lastKnownFileType = sourcecode.swift; path = SceneDelegate.swift; sourceTree = "<group>"; };
		1A4A014223395D8100D83A47 /* ContentView.swift */ = {isa = PBXFileReference; lastKnownFileType = sourcecode.swift; path = ContentView.swift; sourceTree = "<group>"; };
		1A4A014423395D8200D83A47 /* Assets.xcassets */ = {isa = PBXFileReference; lastKnownFileType = folder.assetcatalog; path = Assets.xcassets; sourceTree = "<group>"; };
		1A4A014723395D8200D83A47 /* Preview Assets.xcassets */ = {isa = PBXFileReference; lastKnownFileType = folder.assetcatalog; path = "Preview Assets.xcassets"; sourceTree = "<group>"; };
		1A4A014A23395D8200D83A47 /* Base */ = {isa = PBXFileReference; lastKnownFileType = file.storyboard; name = Base; path = Base.lproj/LaunchScreen.storyboard; sourceTree = "<group>"; };
		1A4A014C23395D8200D83A47 /* Info.plist */ = {isa = PBXFileReference; lastKnownFileType = text.plist.xml; path = Info.plist; sourceTree = "<group>"; };
		1A4A018E233A20DD00D83A47 /* CardModel.swift */ = {isa = PBXFileReference; lastKnownFileType = sourcecode.swift; path = CardModel.swift; sourceTree = "<group>"; };
		1A4A0191233A22B500D83A47 /* NetworkingManager.swift */ = {isa = PBXFileReference; lastKnownFileType = sourcecode.swift; path = NetworkingManager.swift; sourceTree = "<group>"; };
		1A4A0195233A245B00D83A47 /* WikipediaKit.framework */ = {isa = PBXFileReference; explicitFileType = wrapper.framework; path = WikipediaKit.framework; sourceTree = BUILT_PRODUCTS_DIR; };
		1A4A0199233A24C200D83A47 /* WikipediaKit.framework */ = {isa = PBXFileReference; explicitFileType = wrapper.framework; path = WikipediaKit.framework; sourceTree = BUILT_PRODUCTS_DIR; };
		1AD3D782233A4EBA00A71398 /* WikipediaKit.framework */ = {isa = PBXFileReference; explicitFileType = wrapper.framework; path = WikipediaKit.framework; sourceTree = BUILT_PRODUCTS_DIR; };
/* End PBXFileReference section */

/* Begin PBXFrameworksBuildPhase section */
		1A4A013823395D8100D83A47 /* Frameworks */ = {
			isa = PBXFrameworksBuildPhase;
			buildActionMask = 2147483647;
			files = (
				1A1037CE233A64A0000E7947 /* WikipediaKit.framework in Frameworks */,
			);
			runOnlyForDeploymentPostprocessing = 0;
		};
/* End PBXFrameworksBuildPhase section */

/* Begin PBXGroup section */
		1A1037C1233A5EB1000E7947 /* Views */ = {
			isa = PBXGroup;
			children = (
				1A1037BF233A5EA8000E7947 /* WelcomeView.swift */,
				1A1037C2233A5F1D000E7947 /* CardView.swift */,
				1A1037C4233A5F5A000E7947 /* TextContentView.swift */,
				1A1037C6233A5F89000E7947 /* BookmarksVIew.swift */,
				1A1037C8233A5FAC000E7947 /* ReusedViews.swift */,
				1A1037CA233A5FDE000E7947 /* SettingsView.swift */,
				1A1037CC233A6007000E7947 /* CardDetailsView.swift */,
				1A4A014223395D8100D83A47 /* ContentView.swift */,
			);
			name = Views;
			path = ../Views;
			sourceTree = "<group>";
		};
		1A4A013223395D8100D83A47 = {
			isa = PBXGroup;
			children = (
				1A4A013D23395D8100D83A47 /* Time To Think */,
				1A4A013C23395D8100D83A47 /* Products */,
				1A4A0194233A245B00D83A47 /* Frameworks */,
			);
			sourceTree = "<group>";
		};
		1A4A013C23395D8100D83A47 /* Products */ = {
			isa = PBXGroup;
			children = (
				1A4A013B23395D8100D83A47 /* Time To Think.app */,
			);
			name = Products;
			sourceTree = "<group>";
		};
		1A4A013D23395D8100D83A47 /* Time To Think */ = {
			isa = PBXGroup;
			children = (
				1A1037D5233A65A3000E7947 /* Zone of Death (geography).json */,
				1A1037C1233A5EB1000E7947 /* Views */,
				1A4A0193233A22B900D83A47 /* Managers */,
				1A4A0190233A20E200D83A47 /* Models */,
				1A4A013E23395D8100D83A47 /* AppDelegate.swift */,
				1A4A014023395D8100D83A47 /* SceneDelegate.swift */,
				1A4A014423395D8200D83A47 /* Assets.xcassets */,
				1A4A014923395D8200D83A47 /* LaunchScreen.storyboard */,
				1A4A014C23395D8200D83A47 /* Info.plist */,
				1A4A014623395D8200D83A47 /* Preview Content */,
			);
			path = "Time To Think";
			sourceTree = "<group>";
		};
		1A4A014623395D8200D83A47 /* Preview Content */ = {
			isa = PBXGroup;
			children = (
				1A4A014723395D8200D83A47 /* Preview Assets.xcassets */,
			);
			path = "Preview Content";
			sourceTree = "<group>";
		};
		1A4A0190233A20E200D83A47 /* Models */ = {
			isa = PBXGroup;
			children = (
				1A4A018E233A20DD00D83A47 /* CardModel.swift */,
			);
			path = Models;
			sourceTree = "<group>";
		};
		1A4A0193233A22B900D83A47 /* Managers */ = {
			isa = PBXGroup;
			children = (
				1A4A0191233A22B500D83A47 /* NetworkingManager.swift */,
			);
			path = Managers;
			sourceTree = "<group>";
		};
		1A4A0194233A245B00D83A47 /* Frameworks */ = {
			isa = PBXGroup;
			children = (
				1AD3D782233A4EBA00A71398 /* WikipediaKit.framework */,
				1A4A0199233A24C200D83A47 /* WikipediaKit.framework */,
				1A4A0195233A245B00D83A47 /* WikipediaKit.framework */,
			);
			name = Frameworks;
			sourceTree = "<group>";
		};
/* End PBXGroup section */

/* Begin PBXNativeTarget section */
		1A4A013A23395D8100D83A47 /* Time To Think */ = {
			isa = PBXNativeTarget;
			buildConfigurationList = 1A4A014F23395D8200D83A47 /* Build configuration list for PBXNativeTarget "Time To Think" */;
			buildPhases = (
				1A4A013723395D8100D83A47 /* Sources */,
				1A4A013823395D8100D83A47 /* Frameworks */,
				1A4A013923395D8100D83A47 /* Resources */,
				1A1037D0233A64A1000E7947 /* Embed Frameworks */,
			);
			buildRules = (
			);
			dependencies = (
			);
			name = "Time To Think";
			productName = "Time To Think";
			productReference = 1A4A013B23395D8100D83A47 /* Time To Think.app */;
			productType = "com.apple.product-type.application";
		};
/* End PBXNativeTarget section */

/* Begin PBXProject section */
		1A4A013323395D8100D83A47 /* Project object */ = {
			isa = PBXProject;
			attributes = {
				LastSwiftUpdateCheck = 1100;
				LastUpgradeCheck = 1100;
				ORGANIZATIONNAME = "James Cosgrove";
				TargetAttributes = {
					1A4A013A23395D8100D83A47 = {
						CreatedOnToolsVersion = 11.0;
					};
				};
			};
			buildConfigurationList = 1A4A013623395D8100D83A47 /* Build configuration list for PBXProject "Time To Think" */;
			compatibilityVersion = "Xcode 9.3";
			developmentRegion = en;
			hasScannedForEncodings = 0;
			knownRegions = (
				en,
				Base,
			);
			mainGroup = 1A4A013223395D8100D83A47;
			productRefGroup = 1A4A013C23395D8100D83A47 /* Products */;
			projectDirPath = "";
			projectRoot = "";
			targets = (
				1A4A013A23395D8100D83A47 /* Time To Think */,
			);
		};
/* End PBXProject section */

/* Begin PBXResourcesBuildPhase section */
		1A4A013923395D8100D83A47 /* Resources */ = {
			isa = PBXResourcesBuildPhase;
			buildActionMask = 2147483647;
			files = (
				1A1037D6233A65A3000E7947 /* Zone of Death (geography).json in Resources */,
				1A4A014B23395D8200D83A47 /* LaunchScreen.storyboard in Resources */,
				1A4A014823395D8200D83A47 /* Preview Assets.xcassets in Resources */,
				1A4A014523395D8200D83A47 /* Assets.xcassets in Resources */,
			);
			runOnlyForDeploymentPostprocessing = 0;
		};
/* End PBXResourcesBuildPhase section */

/* Begin PBXSourcesBuildPhase section */
		1A4A013723395D8100D83A47 /* Sources */ = {
			isa = PBXSourcesBuildPhase;
			buildActionMask = 2147483647;
			files = (
				1A4A013F23395D8100D83A47 /* AppDelegate.swift in Sources */,
				1A1037C7233A5F89000E7947 /* BookmarksVIew.swift in Sources */,
				1A4A014123395D8100D83A47 /* SceneDelegate.swift in Sources */,
				1A4A0192233A22B500D83A47 /* NetworkingManager.swift in Sources */,
				1A1037C5233A5F5A000E7947 /* TextContentView.swift in Sources */,
				1A1037C9233A5FAC000E7947 /* ReusedViews.swift in Sources */,
				1A4A014323395D8100D83A47 /* ContentView.swift in Sources */,
				1A1037CD233A6007000E7947 /* CardDetailsView.swift in Sources */,
				1A4A018F233A20DD00D83A47 /* CardModel.swift in Sources */,
				1A1037CB233A5FDE000E7947 /* SettingsView.swift in Sources */,
				1A1037C3233A5F1D000E7947 /* CardView.swift in Sources */,
				1A1037C0233A5EA8000E7947 /* WelcomeView.swift in Sources */,
			);
			runOnlyForDeploymentPostprocessing = 0;
		};
/* End PBXSourcesBuildPhase section */

/* Begin PBXVariantGroup section */
		1A4A014923395D8200D83A47 /* LaunchScreen.storyboard */ = {
			isa = PBXVariantGroup;
			children = (
				1A4A014A23395D8200D83A47 /* Base */,
			);
			name = LaunchScreen.storyboard;
			sourceTree = "<group>";
		};
/* End PBXVariantGroup section */

/* Begin XCBuildConfiguration section */
		1A4A014D23395D8200D83A47 /* Debug */ = {
			isa = XCBuildConfiguration;
			buildSettings = {
				ALWAYS_SEARCH_USER_PATHS = NO;
				CLANG_ANALYZER_NONNULL = YES;
				CLANG_ANALYZER_NUMBER_OBJECT_CONVERSION = YES_AGGRESSIVE;
				CLANG_CXX_LANGUAGE_STANDARD = "gnu++14";
				CLANG_CXX_LIBRARY = "libc++";
				CLANG_ENABLE_MODULES = YES;
				CLANG_ENABLE_OBJC_ARC = YES;
				CLANG_ENABLE_OBJC_WEAK = YES;
				CLANG_WARN_BLOCK_CAPTURE_AUTORELEASING = YES;
				CLANG_WARN_BOOL_CONVERSION = YES;
				CLANG_WARN_COMMA = YES;
				CLANG_WARN_CONSTANT_CONVERSION = YES;
				CLANG_WARN_DEPRECATED_OBJC_IMPLEMENTATIONS = YES;
				CLANG_WARN_DIRECT_OBJC_ISA_USAGE = YES_ERROR;
				CLANG_WARN_DOCUMENTATION_COMMENTS = YES;
				CLANG_WARN_EMPTY_BODY = YES;
				CLANG_WARN_ENUM_CONVERSION = YES;
				CLANG_WARN_INFINITE_RECURSION = YES;
				CLANG_WARN_INT_CONVERSION = YES;
				CLANG_WARN_NON_LITERAL_NULL_CONVERSION = YES;
				CLANG_WARN_OBJC_IMPLICIT_RETAIN_SELF = YES;
				CLANG_WARN_OBJC_LITERAL_CONVERSION = YES;
				CLANG_WARN_OBJC_ROOT_CLASS = YES_ERROR;
				CLANG_WARN_RANGE_LOOP_ANALYSIS = YES;
				CLANG_WARN_STRICT_PROTOTYPES = YES;
				CLANG_WARN_SUSPICIOUS_MOVE = YES;
				CLANG_WARN_UNGUARDED_AVAILABILITY = YES_AGGRESSIVE;
				CLANG_WARN_UNREACHABLE_CODE = YES;
				CLANG_WARN__DUPLICATE_METHOD_MATCH = YES;
				COPY_PHASE_STRIP = NO;
				DEBUG_INFORMATION_FORMAT = dwarf;
				ENABLE_STRICT_OBJC_MSGSEND = YES;
				ENABLE_TESTABILITY = YES;
				GCC_C_LANGUAGE_STANDARD = gnu11;
				GCC_DYNAMIC_NO_PIC = NO;
				GCC_NO_COMMON_BLOCKS = YES;
				GCC_OPTIMIZATION_LEVEL = 0;
				GCC_PREPROCESSOR_DEFINITIONS = (
					"DEBUG=1",
					"$(inherited)",
				);
				GCC_WARN_64_TO_32_BIT_CONVERSION = YES;
				GCC_WARN_ABOUT_RETURN_TYPE = YES_ERROR;
				GCC_WARN_UNDECLARED_SELECTOR = YES;
				GCC_WARN_UNINITIALIZED_AUTOS = YES_AGGRESSIVE;
				GCC_WARN_UNUSED_FUNCTION = YES;
				GCC_WARN_UNUSED_VARIABLE = YES;
				IPHONEOS_DEPLOYMENT_TARGET = 13.0;
				MTL_ENABLE_DEBUG_INFO = INCLUDE_SOURCE;
				MTL_FAST_MATH = YES;
				ONLY_ACTIVE_ARCH = YES;
				SDKROOT = iphoneos;
				SWIFT_ACTIVE_COMPILATION_CONDITIONS = DEBUG;
				SWIFT_OPTIMIZATION_LEVEL = "-Onone";
			};
			name = Debug;
		};
		1A4A014E23395D8200D83A47 /* Release */ = {
			isa = XCBuildConfiguration;
			buildSettings = {
				ALWAYS_SEARCH_USER_PATHS = NO;
				CLANG_ANALYZER_NONNULL = YES;
				CLANG_ANALYZER_NUMBER_OBJECT_CONVERSION = YES_AGGRESSIVE;
				CLANG_CXX_LANGUAGE_STANDARD = "gnu++14";
				CLANG_CXX_LIBRARY = "libc++";
				CLANG_ENABLE_MODULES = YES;
				CLANG_ENABLE_OBJC_ARC = YES;
				CLANG_ENABLE_OBJC_WEAK = YES;
				CLANG_WARN_BLOCK_CAPTURE_AUTORELEASING = YES;
				CLANG_WARN_BOOL_CONVERSION = YES;
				CLANG_WARN_COMMA = YES;
				CLANG_WARN_CONSTANT_CONVERSION = YES;
				CLANG_WARN_DEPRECATED_OBJC_IMPLEMENTATIONS = YES;
				CLANG_WARN_DIRECT_OBJC_ISA_USAGE = YES_ERROR;
				CLANG_WARN_DOCUMENTATION_COMMENTS = YES;
				CLANG_WARN_EMPTY_BODY = YES;
				CLANG_WARN_ENUM_CONVERSION = YES;
				CLANG_WARN_INFINITE_RECURSION = YES;
				CLANG_WARN_INT_CONVERSION = YES;
				CLANG_WARN_NON_LITERAL_NULL_CONVERSION = YES;
				CLANG_WARN_OBJC_IMPLICIT_RETAIN_SELF = YES;
				CLANG_WARN_OBJC_LITERAL_CONVERSION = YES;
				CLANG_WARN_OBJC_ROOT_CLASS = YES_ERROR;
				CLANG_WARN_RANGE_LOOP_ANALYSIS = YES;
				CLANG_WARN_STRICT_PROTOTYPES = YES;
				CLANG_WARN_SUSPICIOUS_MOVE = YES;
				CLANG_WARN_UNGUARDED_AVAILABILITY = YES_AGGRESSIVE;
				CLANG_WARN_UNREACHABLE_CODE = YES;
				CLANG_WARN__DUPLICATE_METHOD_MATCH = YES;
				COPY_PHASE_STRIP = NO;
				DEBUG_INFORMATION_FORMAT = "dwarf-with-dsym";
				ENABLE_NS_ASSERTIONS = NO;
				ENABLE_STRICT_OBJC_MSGSEND = YES;
				GCC_C_LANGUAGE_STANDARD = gnu11;
				GCC_NO_COMMON_BLOCKS = YES;
				GCC_WARN_64_TO_32_BIT_CONVERSION = YES;
				GCC_WARN_ABOUT_RETURN_TYPE = YES_ERROR;
				GCC_WARN_UNDECLARED_SELECTOR = YES;
				GCC_WARN_UNINITIALIZED_AUTOS = YES_AGGRESSIVE;
				GCC_WARN_UNUSED_FUNCTION = YES;
				GCC_WARN_UNUSED_VARIABLE = YES;
				IPHONEOS_DEPLOYMENT_TARGET = 13.0;
				MTL_ENABLE_DEBUG_INFO = NO;
				MTL_FAST_MATH = YES;
				SDKROOT = iphoneos;
				SWIFT_COMPILATION_MODE = wholemodule;
				SWIFT_OPTIMIZATION_LEVEL = "-O";
				VALIDATE_PRODUCT = YES;
			};
			name = Release;
		};
		1A4A015023395D8200D83A47 /* Debug */ = {
			isa = XCBuildConfiguration;
			buildSettings = {
				ASSETCATALOG_COMPILER_APPICON_NAME = AppIcon;
				CODE_SIGN_STYLE = Automatic;
				DEVELOPMENT_ASSET_PATHS = "\"Time To Think/Preview Content\"";
				DEVELOPMENT_TEAM = WV3WFS9NRK;
				ENABLE_PREVIEWS = YES;
				INFOPLIST_FILE = "Time To Think/Info.plist";
				LD_RUNPATH_SEARCH_PATHS = (
					"$(inherited)",
					"@executable_path/Frameworks",
				);
				PRODUCT_BUNDLE_IDENTIFIER = "james.Time-To-Think";
				PRODUCT_NAME = "$(TARGET_NAME)";
				SWIFT_VERSION = 5.0;
				TARGETED_DEVICE_FAMILY = "1,2";
			};
			name = Debug;
		};
		1A4A015123395D8200D83A47 /* Release */ = {
			isa = XCBuildConfiguration;
			buildSettings = {
				ASSETCATALOG_COMPILER_APPICON_NAME = AppIcon;
				CODE_SIGN_STYLE = Automatic;
				DEVELOPMENT_ASSET_PATHS = "\"Time To Think/Preview Content\"";
				DEVELOPMENT_TEAM = WV3WFS9NRK;
				ENABLE_PREVIEWS = YES;
				INFOPLIST_FILE = "Time To Think/Info.plist";
				LD_RUNPATH_SEARCH_PATHS = (
					"$(inherited)",
					"@executable_path/Frameworks",
				);
				PRODUCT_BUNDLE_IDENTIFIER = "james.Time-To-Think";
				PRODUCT_NAME = "$(TARGET_NAME)";
				SWIFT_VERSION = 5.0;
				TARGETED_DEVICE_FAMILY = "1,2";
			};
			name = Release;
		};
/* End XCBuildConfiguration section */

/* Begin XCConfigurationList section */
		1A4A013623395D8100D83A47 /* Build configuration list for PBXProject "Time To Think" */ = {
			isa = XCConfigurationList;
			buildConfigurations = (
				1A4A014D23395D8200D83A47 /* Debug */,
				1A4A014E23395D8200D83A47 /* Release */,
			);
			defaultConfigurationIsVisible = 0;
			defaultConfigurationName = Release;
		};
		1A4A014F23395D8200D83A47 /* Build configuration list for PBXNativeTarget "Time To Think" */ = {
			isa = XCConfigurationList;
			buildConfigurations = (
				1A4A015023395D8200D83A47 /* Debug */,
				1A4A015123395D8200D83A47 /* Release */,
			);
			defaultConfigurationIsVisible = 0;
			defaultConfigurationName = Release;
		};
/* End XCConfigurationList section */
	};
	rootObject = 1A4A013323395D8100D83A47 /* Project object */;
}
